
Microsoft Visual Studio Solution File, Format Version 12.00
# Visual Studio Version 16
VisualStudioVersion = 16.0.32126.315
MinimumVisualStudioVersion = 10.0.40219.1
Project("{2150E333-8FDC-42A3-9474-1A3956D46DE8}") = "Configurations", "Configurations", "{DDACCF74-7A5A-4497-A0AE-BFEBD1DC6323}"
	ProjectSection(SolutionItems) = preProject
		gulp-config.js = gulp-config.js
		gulpfile.js = gulpfile.js
		NuGet.config = NuGet.config
		package.json = package.json
	EndProjectSection
EndProject
Project("{2150E333-8FDC-42A3-9474-1A3956D46DE8}") = "Feature", "Feature", "{D32778D8-595C-4D07-B919-6B91844D1BCB}"
EndProject
Project("{2150E333-8FDC-42A3-9474-1A3956D46DE8}") = "Foundation", "Foundation", "{6C581A2C-D7A1-45D9-9CF7-21190FD842A8}"
EndProject
Project("{2150E333-8FDC-42A3-9474-1A3956D46DE8}") = "Project", "Project", "{18DC4377-1C91-410B-ADD5-0BB866F9BB1B}"
EndProject
Project("{2150E333-8FDC-42A3-9474-1A3956D46DE8}") = "Header", "Header", "{BABB4240-551D-4FA9-99E9-C59B51BF31AA}"
EndProject
Project("{FAE04EC0-301F-11D3-BF4B-00C04F79EFBC}") = "code", "src\Feature\Header\code\code.csproj", "{1A9BEB1B-0C57-440A-BE9F-012FFC2573F8}"
EndProject
Project("{FAE04EC0-301F-11D3-BF4B-00C04F79EFBC}") = "code.Tests", "Header\code.Tests\code.Tests.csproj", "{2BB0F6C0-D030-446C-B8BE-FDE0ECAD1201}"
EndProject
Global
	GlobalSection(SolutionConfigurationPlatforms) = preSolution
		Debug|Any CPU = Debug|Any CPU
		Release|Any CPU = Release|Any CPU
	EndGlobalSection
	GlobalSection(ProjectConfigurationPlatforms) = postSolution
		{1A9BEB1B-0C57-440A-BE9F-012FFC2573F8}.Debug|Any CPU.ActiveCfg = Debug|Any CPU
		{1A9BEB1B-0C57-440A-BE9F-012FFC2573F8}.Debug|Any CPU.Build.0 = Debug|Any CPU
		{1A9BEB1B-0C57-440A-BE9F-012FFC2573F8}.Release|Any CPU.ActiveCfg = Release|Any CPU
		{1A9BEB1B-0C57-440A-BE9F-012FFC2573F8}.Release|Any CPU.Build.0 = Release|Any CPU
		{2BB0F6C0-D030-446C-B8BE-FDE0ECAD1201}.Debug|Any CPU.ActiveCfg = Debug|Any CPU
		{2BB0F6C0-D030-446C-B8BE-FDE0ECAD1201}.Debug|Any CPU.Build.0 = Debug|Any CPU
		{2BB0F6C0-D030-446C-B8BE-FDE0ECAD1201}.Release|Any CPU.ActiveCfg = Release|Any CPU
		{2BB0F6C0-D030-446C-B8BE-FDE0ECAD1201}.Release|Any CPU.Build.0 = Release|Any CPU
	EndGlobalSection
	GlobalSection(SolutionProperties) = preSolution
		HideSolutionNode = FALSE
	EndGlobalSection
	GlobalSection(NestedProjects) = preSolution
		{BABB4240-551D-4FA9-99E9-C59B51BF31AA} = {D32778D8-595C-4D07-B919-6B91844D1BCB}
		{1A9BEB1B-0C57-440A-BE9F-012FFC2573F8} = {BABB4240-551D-4FA9-99E9-C59B51BF31AA}
		{2BB0F6C0-D030-446C-B8BE-FDE0ECAD1201} = {BABB4240-551D-4FA9-99E9-C59B51BF31AA}
	EndGlobalSection
	GlobalSection(ExtensibilityGlobals) = postSolution
		SolutionGuid = {DF5C4015-7DCC-4E6E-B2C6-6635CE899058}
	EndGlobalSection
EndGlobal
